
Microsoft Visual Studio Solution File, Format Version 12.00
# Visual Studio Version 17
VisualStudioVersion = 17.12.35707.178
MinimumVisualStudioVersion = 10.0.40219.1
Project("{FAE04EC0-301F-11D3-BF4B-00C04F79EFBC}") = "Supporter_Uno", "Supporter_Uno\Supporter_Uno.csproj", "{1EC1C3F5-5289-4C8E-B3FE-16BE84727494}"
EndProject
Project("{2150E333-8FDC-42A3-9474-1A3956D46DE8}") = "Solution Items", "Solution Items", "{81A74DAC-12A6-4573-AB51-E889D4B11EC2}"
	ProjectSection(SolutionItems) = preProject
		.gitignore = .gitignore
		Directory.Build.props = Directory.Build.props
		Directory.Build.targets = Directory.Build.targets
		Directory.Packages.props = Directory.Packages.props
		global.json = global.json
	EndProjectSection
EndProject
Project("{FAE04EC0-301F-11D3-BF4B-00C04F79EFBC}") = "Supporter_AI", "..\..\Shared\Supporter_AI\Supporter_AI.csproj", "{5EBFD9F7-F088-4C41-BFB8-11702D2B1FA9}"
EndProject
Project("{2150E333-8FDC-42A3-9474-1A3956D46DE8}") = "Tests", "Tests", "{EBECD646-1D7E-4E78-B5AC-81304E85B11D}"
EndProject
Project("{FAE04EC0-301F-11D3-BF4B-00C04F79EFBC}") = "Supporter_AI_Tests", "..\..\Tests\Supporter_AI_Tests\Supporter_AI_Tests.csproj", "{01797518-63A2-455A-B717-9109F2C10ECC}"
EndProject
Project("{2150E333-8FDC-42A3-9474-1A3956D46DE8}") = "Shared", "Shared", "{C497E864-9D2F-4C80-8FCF-ED2BD55E0398}"
EndProject
Project("{D954291E-2A0B-460D-934E-DC6B0785DB48}") = "Supporter_Dtos", "..\..\Shared\Supporter_Dtos\Supporter_Dtos.shproj", "{93D7809C-C358-435B-84A6-81A4EC051672}"
EndProject
Project("{FAE04EC0-301F-11D3-BF4B-00C04F79EFBC}") = "Supporter_Api", "..\..\Backend\Supporter_Api\Supporter_Api.csproj", "{9736295C-153C-4EBF-B4F1-8020C6F8DB52}"
EndProject
Global
	GlobalSection(SolutionConfigurationPlatforms) = preSolution
		Debug|Any CPU = Debug|Any CPU
		Debug|x64 = Debug|x64
		Release|Any CPU = Release|Any CPU
		Release|x64 = Release|x64
	EndGlobalSection
	GlobalSection(ProjectConfigurationPlatforms) = postSolution
		{1EC1C3F5-5289-4C8E-B3FE-16BE84727494}.Debug|Any CPU.ActiveCfg = Debug|Any CPU
		{1EC1C3F5-5289-4C8E-B3FE-16BE84727494}.Debug|Any CPU.Build.0 = Debug|Any CPU
		{1EC1C3F5-5289-4C8E-B3FE-16BE84727494}.Debug|Any CPU.Deploy.0 = Debug|Any CPU
		{1EC1C3F5-5289-4C8E-B3FE-16BE84727494}.Debug|x64.ActiveCfg = Debug|x64
		{1EC1C3F5-5289-4C8E-B3FE-16BE84727494}.Debug|x64.Build.0 = Debug|x64
		{1EC1C3F5-5289-4C8E-B3FE-16BE84727494}.Debug|x64.Deploy.0 = Debug|x64
		{1EC1C3F5-5289-4C8E-B3FE-16BE84727494}.Release|Any CPU.ActiveCfg = Release|Any CPU
		{1EC1C3F5-5289-4C8E-B3FE-16BE84727494}.Release|Any CPU.Build.0 = Release|Any CPU
		{1EC1C3F5-5289-4C8E-B3FE-16BE84727494}.Release|Any CPU.Deploy.0 = Release|Any CPU
		{1EC1C3F5-5289-4C8E-B3FE-16BE84727494}.Release|x64.ActiveCfg = Release|x64
		{1EC1C3F5-5289-4C8E-B3FE-16BE84727494}.Release|x64.Build.0 = Release|x64
		{1EC1C3F5-5289-4C8E-B3FE-16BE84727494}.Release|x64.Deploy.0 = Release|x64
		{5EBFD9F7-F088-4C41-BFB8-11702D2B1FA9}.Debug|Any CPU.ActiveCfg = Debug|Any CPU
		{5EBFD9F7-F088-4C41-BFB8-11702D2B1FA9}.Debug|Any CPU.Build.0 = Debug|Any CPU
		{5EBFD9F7-F088-4C41-BFB8-11702D2B1FA9}.Debug|x64.ActiveCfg = Debug|Any CPU
		{5EBFD9F7-F088-4C41-BFB8-11702D2B1FA9}.Debug|x64.Build.0 = Debug|Any CPU
		{5EBFD9F7-F088-4C41-BFB8-11702D2B1FA9}.Release|Any CPU.ActiveCfg = Release|Any CPU
		{5EBFD9F7-F088-4C41-BFB8-11702D2B1FA9}.Release|Any CPU.Build.0 = Release|Any CPU
		{5EBFD9F7-F088-4C41-BFB8-11702D2B1FA9}.Release|x64.ActiveCfg = Release|Any CPU
		{5EBFD9F7-F088-4C41-BFB8-11702D2B1FA9}.Release|x64.Build.0 = Release|Any CPU
		{01797518-63A2-455A-B717-9109F2C10ECC}.Debug|Any CPU.ActiveCfg = Debug|Any CPU
		{01797518-63A2-455A-B717-9109F2C10ECC}.Debug|Any CPU.Build.0 = Debug|Any CPU
		{01797518-63A2-455A-B717-9109F2C10ECC}.Debug|x64.ActiveCfg = Debug|Any CPU
		{01797518-63A2-455A-B717-9109F2C10ECC}.Debug|x64.Build.0 = Debug|Any CPU
		{01797518-63A2-455A-B717-9109F2C10ECC}.Release|Any CPU.ActiveCfg = Release|Any CPU
		{01797518-63A2-455A-B717-9109F2C10ECC}.Release|Any CPU.Build.0 = Release|Any CPU
		{01797518-63A2-455A-B717-9109F2C10ECC}.Release|x64.ActiveCfg = Release|Any CPU
		{01797518-63A2-455A-B717-9109F2C10ECC}.Release|x64.Build.0 = Release|Any CPU
		{9736295C-153C-4EBF-B4F1-8020C6F8DB52}.Debug|Any CPU.ActiveCfg = Debug|Any CPU
		{9736295C-153C-4EBF-B4F1-8020C6F8DB52}.Debug|Any CPU.Build.0 = Debug|Any CPU
		{9736295C-153C-4EBF-B4F1-8020C6F8DB52}.Debug|x64.ActiveCfg = Debug|Any CPU
		{9736295C-153C-4EBF-B4F1-8020C6F8DB52}.Debug|x64.Build.0 = Debug|Any CPU
		{9736295C-153C-4EBF-B4F1-8020C6F8DB52}.Release|Any CPU.ActiveCfg = Release|Any CPU
		{9736295C-153C-4EBF-B4F1-8020C6F8DB52}.Release|Any CPU.Build.0 = Release|Any CPU
		{9736295C-153C-4EBF-B4F1-8020C6F8DB52}.Release|x64.ActiveCfg = Release|Any CPU
		{9736295C-153C-4EBF-B4F1-8020C6F8DB52}.Release|x64.Build.0 = Release|Any CPU
	EndGlobalSection
	GlobalSection(SolutionProperties) = preSolution
		HideSolutionNode = FALSE
	EndGlobalSection
	GlobalSection(NestedProjects) = preSolution
		{01797518-63A2-455A-B717-9109F2C10ECC} = {EBECD646-1D7E-4E78-B5AC-81304E85B11D}
		{93D7809C-C358-435B-84A6-81A4EC051672} = {C497E864-9D2F-4C80-8FCF-ED2BD55E0398}
	EndGlobalSection
	GlobalSection(SharedMSBuildProjectFiles) = preSolution
		..\..\Shared\Supporter_Dtos\Supporter_Dtos.projitems*{93d7809c-c358-435b-84a6-81a4ec051672}*SharedItemsImports = 13
		..\..\Shared\Supporter_Dtos\Supporter_Dtos.projitems*{9736295c-153c-4ebf-b4f1-8020c6f8db52}*SharedItemsImports = 5
	EndGlobalSection
EndGlobal
