
Microsoft Visual Studio Solution File, Format Version 12.00
# Visual Studio Version 17
VisualStudioVersion = 17.12.35707.178
MinimumVisualStudioVersion = 10.0.40219.1
Project("{FAE04EC0-301F-11D3-BF4B-00C04F79EFBC}") = "Supporter_Uno", "Supporter_Uno\Supporter_Uno.csproj", "{1EC1C3F5-5289-4C8E-B3FE-16BE84727494}"
EndProject
Project("{2150E333-8FDC-42A3-9474-1A3956D46DE8}") = "Solution Items", "Solution Items", "{81A74DAC-12A6-4573-AB51-E889D4B11EC2}"
	ProjectSection(SolutionItems) = preProject
		.editorconfig = .editorconfig
		.gitignore = .gitignore
		Directory.Build.props = Directory.Build.props
		Directory.Build.targets = Directory.Build.targets
		Directory.Packages.props = Directory.Packages.props
		global.json = global.json
		..\..\..\.github\workflows\master_orderlyzesupporterapp.yml = ..\..\..\.github\workflows\master_orderlyzesupporterapp.yml
	EndProjectSection
EndProject
Project("{FAE04EC0-301F-11D3-BF4B-00C04F79EFBC}") = "Supporter_AI", "..\..\Shared\Supporter_AI\Supporter_AI.csproj", "{5EBFD9F7-F088-4C41-BFB8-11702D2B1FA9}"
EndProject
Project("{2150E333-8FDC-42A3-9474-1A3956D46DE8}") = "Tests", "Tests", "{EBECD646-1D7E-4E78-B5AC-81304E85B11D}"
EndProject
Project("{FAE04EC0-301F-11D3-BF4B-00C04F79EFBC}") = "Supporter_AI_Tests", "..\..\Tests\Supporter_AI_Tests\Supporter_AI_Tests.csproj", "{01797518-63A2-455A-B717-9109F2C10ECC}"
EndProject
Project("{2150E333-8FDC-42A3-9474-1A3956D46DE8}") = "Shared", "Shared", "{C497E864-9D2F-4C80-8FCF-ED2BD55E0398}"
EndProject
Project("{D954291E-2A0B-460D-934E-DC6B0785DB48}") = "Supporter_Dtos", "..\..\Shared\Supporter_Dtos\Supporter_Dtos.shproj", "{93D7809C-C358-435B-84A6-81A4EC051672}"
EndProject
Project("{FAE04EC0-301F-11D3-BF4B-00C04F79EFBC}") = "Supporter_Api", "..\..\Backend\Supporter_Api\Supporter_Api.csproj", "{9736295C-153C-4EBF-B4F1-8020C6F8DB52}"
EndProject
Project("{2150E333-8FDC-42A3-9474-1A3956D46DE8}") = "CodeGen", "CodeGen", "{6D9B9BD7-5652-4FF1-8C06-1C003FAFCF24}"
EndProject
Project("{2150E333-8FDC-42A3-9474-1A3956D46DE8}") = "Generators", "Generators", "{E74DE2EA-64B8-478A-806B-58AA5EB817CD}"
EndProject
Project("{2150E333-8FDC-42A3-9474-1A3956D46DE8}") = "Web", "Web", "{00E66DCD-FD08-4163-822C-098E88A60D3F}"
EndProject
Project("{FAE04EC0-301F-11D3-BF4B-00C04F79EFBC}") = "WebRepositories.Generator", "..\..\..\submodules\CodeGen\src\Generators\Web\WebRepositories.Generator\WebRepositories.Generator.csproj", "{1ECB1F1D-DF0D-48C3-BFDB-8B366260FD7B}"
EndProject
Project("{FAE04EC0-301F-11D3-BF4B-00C04F79EFBC}") = "WebRepositories.Contract.Generator", "..\..\..\submodules\CodeGen\src\Generators\Web\WebRepositories.Contract.Generator\WebRepositories.Contract.Generator.csproj", "{2633311A-5CF3-4C80-8176-C24F492D5E4A}"
EndProject
Project("{FAE04EC0-301F-11D3-BF4B-00C04F79EFBC}") = "WebManager.Generator", "..\..\..\submodules\CodeGen\src\Generators\Web\WebManager.Generator\WebManager.Generator.csproj", "{1C6E8AEF-2EA7-464E-A8FB-21F82AADD5C0}"
EndProject
Project("{FAE04EC0-301F-11D3-BF4B-00C04F79EFBC}") = "WebManager.Contract.Generator", "..\..\..\submodules\CodeGen\src\Generators\Web\WebManager.Contract.Generator\WebManager.Contract.Generator.csproj", "{E76691EF-EB86-46AD-BEB0-202828F9C4C1}"
EndProject
Project("{FAE04EC0-301F-11D3-BF4B-00C04F79EFBC}") = "WebGenerator.Base", "..\..\..\submodules\CodeGen\src\Generators\Web\WebGenerator.Base\WebGenerator.Base.csproj", "{CA5EC0AC-904A-4C3A-989B-410B83AB9E8E}"
EndProject
Project("{FAE04EC0-301F-11D3-BF4B-00C04F79EFBC}") = "WebDbContext.Generator", "..\..\..\submodules\CodeGen\src\Generators\Web\WebDbContext.Generator\WebDbContext.Generator.csproj", "{5601021E-6FCE-46A0-B78E-7E5AD00E7017}"
EndProject
Project("{FAE04EC0-301F-11D3-BF4B-00C04F79EFBC}") = "WebAutoMapperProfile.Generator", "..\..\..\submodules\CodeGen\src\Generators\Web\WebAutoMapperProfile.Generator\WebAutoMapperProfile.Generator.csproj", "{4EB79B5C-80AF-4EA6-BF35-80802A58C282}"
EndProject
Project("{FAE04EC0-301F-11D3-BF4B-00C04F79EFBC}") = "Codelisk.Controller.Generator", "..\..\..\submodules\CodeGen\src\Generators\Web\Codelisk.Controller.Generator\Codelisk.Controller.Generator.csproj", "{99CA5ABD-5973-49DF-8B26-919275E89D4F}"
EndProject
Project("{2150E333-8FDC-42A3-9474-1A3956D46DE8}") = "Foundation", "Foundation", "{2CD4EADB-E23A-4BE7-8340-2DCB7ECF5976}"
EndProject
Project("{FAE04EC0-301F-11D3-BF4B-00C04F79EFBC}") = "Codelisk.Foundation.Generator", "..\..\..\submodules\CodeGen\src\Generators\Foundation\Codelisk.Foundation.Generator\Codelisk.Foundation.Generator.csproj", "{ED1C9365-187A-4053-A5C0-349375A3FE61}"
EndProject
Project("{2150E333-8FDC-42A3-9474-1A3956D46DE8}") = "Api", "Api", "{0FAF68AC-7607-4067-8F09-A419EF6C58A7}"
EndProject
Project("{FAE04EC0-301F-11D3-BF4B-00C04F79EFBC}") = "Codelisk.Api.RefitApis.Generator", "..\..\..\submodules\CodeGen\src\Generators\Api\Codelisk.Api.RefitApis.Generator\Codelisk.Api.RefitApis.Generator.csproj", "{A803B828-2115-4433-AFCB-9DBF73E20AE3}"
EndProject
Project("{FAE04EC0-301F-11D3-BF4B-00C04F79EFBC}") = "Api.Generator", "..\..\..\submodules\CodeGen\src\Generators\Api\Api.Generator\Api.Generator.csproj", "{BE48D7F4-C108-4110-99BB-2710D5805EB0}"
EndProject
Project("{2150E333-8FDC-42A3-9474-1A3956D46DE8}") = "GeneratorHelper", "GeneratorHelper", "{CE83CE57-9C45-4A71-A027-DC0A954E4825}"
EndProject
Project("{FAE04EC0-301F-11D3-BF4B-00C04F79EFBC}") = "Generators.Base", "..\..\..\submodules\CodeGen\src\GeneratorHelper\Generators.Base\Generators.Base.csproj", "{FA72C2D9-9401-4D5E-8948-21697D79D006}"
EndProject
Project("{FAE04EC0-301F-11D3-BF4B-00C04F79EFBC}") = "Foundation.Crawler", "..\..\..\submodules\CodeGen\src\GeneratorHelper\Foundation.Crawler\Foundation.Crawler.csproj", "{2DA655B9-1432-4E30-838F-F2D295DAFF60}"
EndProject
Project("{2150E333-8FDC-42A3-9474-1A3956D46DE8}") = "Common", "Common", "{C4AFC285-BF3F-4BDA-9EE0-212E717875F8}"
EndProject
Project("{FAE04EC0-301F-11D3-BF4B-00C04F79EFBC}") = "Codelisk.GeneratorShared", "..\..\..\submodules\CodeGen\src\Common\Codelisk.GeneratorShared\Codelisk.GeneratorShared.csproj", "{9CA41727-D6B4-4237-BD64-F51D5C6F7D8D}"
EndProject
Project("{FAE04EC0-301F-11D3-BF4B-00C04F79EFBC}") = "Codelisk.GeneratorAttributes", "..\..\..\submodules\CodeGen\src\Common\Codelisk.GeneratorAttributes\Codelisk.GeneratorAttributes.csproj", "{5A622617-1450-403A-B217-89E0CC53961D}"
EndProject
Project("{2150E333-8FDC-42A3-9474-1A3956D46DE8}") = "Submodules", "Submodules", "{9E64274A-1769-42F3-A32D-09C0F5E59235}"
EndProject
Global
	GlobalSection(SolutionConfigurationPlatforms) = preSolution
		Debug|Any CPU = Debug|Any CPU
		Debug|x64 = Debug|x64
		Release|Any CPU = Release|Any CPU
		Release|x64 = Release|x64
	EndGlobalSection
	GlobalSection(ProjectConfigurationPlatforms) = postSolution
		{1EC1C3F5-5289-4C8E-B3FE-16BE84727494}.Debug|Any CPU.ActiveCfg = Debug|Any CPU
		{1EC1C3F5-5289-4C8E-B3FE-16BE84727494}.Debug|Any CPU.Build.0 = Debug|Any CPU
		{1EC1C3F5-5289-4C8E-B3FE-16BE84727494}.Debug|Any CPU.Deploy.0 = Debug|Any CPU
		{1EC1C3F5-5289-4C8E-B3FE-16BE84727494}.Debug|x64.ActiveCfg = Debug|x64
		{1EC1C3F5-5289-4C8E-B3FE-16BE84727494}.Debug|x64.Build.0 = Debug|x64
		{1EC1C3F5-5289-4C8E-B3FE-16BE84727494}.Debug|x64.Deploy.0 = Debug|x64
		{1EC1C3F5-5289-4C8E-B3FE-16BE84727494}.Release|Any CPU.ActiveCfg = Release|Any CPU
		{1EC1C3F5-5289-4C8E-B3FE-16BE84727494}.Release|Any CPU.Build.0 = Release|Any CPU
		{1EC1C3F5-5289-4C8E-B3FE-16BE84727494}.Release|Any CPU.Deploy.0 = Release|Any CPU
		{1EC1C3F5-5289-4C8E-B3FE-16BE84727494}.Release|x64.ActiveCfg = Release|x64
		{1EC1C3F5-5289-4C8E-B3FE-16BE84727494}.Release|x64.Build.0 = Release|x64
		{1EC1C3F5-5289-4C8E-B3FE-16BE84727494}.Release|x64.Deploy.0 = Release|x64
		{5EBFD9F7-F088-4C41-BFB8-11702D2B1FA9}.Debug|Any CPU.ActiveCfg = Debug|Any CPU
		{5EBFD9F7-F088-4C41-BFB8-11702D2B1FA9}.Debug|Any CPU.Build.0 = Debug|Any CPU
		{5EBFD9F7-F088-4C41-BFB8-11702D2B1FA9}.Debug|x64.ActiveCfg = Debug|Any CPU
		{5EBFD9F7-F088-4C41-BFB8-11702D2B1FA9}.Debug|x64.Build.0 = Debug|Any CPU
		{5EBFD9F7-F088-4C41-BFB8-11702D2B1FA9}.Release|Any CPU.ActiveCfg = Release|Any CPU
		{5EBFD9F7-F088-4C41-BFB8-11702D2B1FA9}.Release|Any CPU.Build.0 = Release|Any CPU
		{5EBFD9F7-F088-4C41-BFB8-11702D2B1FA9}.Release|x64.ActiveCfg = Release|Any CPU
		{5EBFD9F7-F088-4C41-BFB8-11702D2B1FA9}.Release|x64.Build.0 = Release|Any CPU
		{01797518-63A2-455A-B717-9109F2C10ECC}.Debug|Any CPU.ActiveCfg = Debug|Any CPU
		{01797518-63A2-455A-B717-9109F2C10ECC}.Debug|Any CPU.Build.0 = Debug|Any CPU
		{01797518-63A2-455A-B717-9109F2C10ECC}.Debug|x64.ActiveCfg = Debug|Any CPU
		{01797518-63A2-455A-B717-9109F2C10ECC}.Debug|x64.Build.0 = Debug|Any CPU
		{01797518-63A2-455A-B717-9109F2C10ECC}.Release|Any CPU.ActiveCfg = Release|Any CPU
		{01797518-63A2-455A-B717-9109F2C10ECC}.Release|Any CPU.Build.0 = Release|Any CPU
		{01797518-63A2-455A-B717-9109F2C10ECC}.Release|x64.ActiveCfg = Release|Any CPU
		{01797518-63A2-455A-B717-9109F2C10ECC}.Release|x64.Build.0 = Release|Any CPU
		{9736295C-153C-4EBF-B4F1-8020C6F8DB52}.Debug|Any CPU.ActiveCfg = Debug|Any CPU
		{9736295C-153C-4EBF-B4F1-8020C6F8DB52}.Debug|Any CPU.Build.0 = Debug|Any CPU
		{9736295C-153C-4EBF-B4F1-8020C6F8DB52}.Debug|x64.ActiveCfg = Debug|Any CPU
		{9736295C-153C-4EBF-B4F1-8020C6F8DB52}.Debug|x64.Build.0 = Debug|Any CPU
		{9736295C-153C-4EBF-B4F1-8020C6F8DB52}.Release|Any CPU.ActiveCfg = Release|Any CPU
		{9736295C-153C-4EBF-B4F1-8020C6F8DB52}.Release|Any CPU.Build.0 = Release|Any CPU
		{9736295C-153C-4EBF-B4F1-8020C6F8DB52}.Release|x64.ActiveCfg = Release|Any CPU
		{9736295C-153C-4EBF-B4F1-8020C6F8DB52}.Release|x64.Build.0 = Release|Any CPU
		{1ECB1F1D-DF0D-48C3-BFDB-8B366260FD7B}.Debug|Any CPU.ActiveCfg = Debug|Any CPU
		{1ECB1F1D-DF0D-48C3-BFDB-8B366260FD7B}.Debug|Any CPU.Build.0 = Debug|Any CPU
		{1ECB1F1D-DF0D-48C3-BFDB-8B366260FD7B}.Debug|x64.ActiveCfg = Debug|Any CPU
		{1ECB1F1D-DF0D-48C3-BFDB-8B366260FD7B}.Debug|x64.Build.0 = Debug|Any CPU
		{1ECB1F1D-DF0D-48C3-BFDB-8B366260FD7B}.Release|Any CPU.ActiveCfg = Release|Any CPU
		{1ECB1F1D-DF0D-48C3-BFDB-8B366260FD7B}.Release|Any CPU.Build.0 = Release|Any CPU
		{1ECB1F1D-DF0D-48C3-BFDB-8B366260FD7B}.Release|x64.ActiveCfg = Release|Any CPU
		{1ECB1F1D-DF0D-48C3-BFDB-8B366260FD7B}.Release|x64.Build.0 = Release|Any CPU
		{2633311A-5CF3-4C80-8176-C24F492D5E4A}.Debug|Any CPU.ActiveCfg = Debug|Any CPU
		{2633311A-5CF3-4C80-8176-C24F492D5E4A}.Debug|Any CPU.Build.0 = Debug|Any CPU
		{2633311A-5CF3-4C80-8176-C24F492D5E4A}.Debug|x64.ActiveCfg = Debug|Any CPU
		{2633311A-5CF3-4C80-8176-C24F492D5E4A}.Debug|x64.Build.0 = Debug|Any CPU
		{2633311A-5CF3-4C80-8176-C24F492D5E4A}.Release|Any CPU.ActiveCfg = Release|Any CPU
		{2633311A-5CF3-4C80-8176-C24F492D5E4A}.Release|Any CPU.Build.0 = Release|Any CPU
		{2633311A-5CF3-4C80-8176-C24F492D5E4A}.Release|x64.ActiveCfg = Release|Any CPU
		{2633311A-5CF3-4C80-8176-C24F492D5E4A}.Release|x64.Build.0 = Release|Any CPU
		{1C6E8AEF-2EA7-464E-A8FB-21F82AADD5C0}.Debug|Any CPU.ActiveCfg = Debug|Any CPU
		{1C6E8AEF-2EA7-464E-A8FB-21F82AADD5C0}.Debug|Any CPU.Build.0 = Debug|Any CPU
		{1C6E8AEF-2EA7-464E-A8FB-21F82AADD5C0}.Debug|x64.ActiveCfg = Debug|Any CPU
		{1C6E8AEF-2EA7-464E-A8FB-21F82AADD5C0}.Debug|x64.Build.0 = Debug|Any CPU
		{1C6E8AEF-2EA7-464E-A8FB-21F82AADD5C0}.Release|Any CPU.ActiveCfg = Release|Any CPU
		{1C6E8AEF-2EA7-464E-A8FB-21F82AADD5C0}.Release|Any CPU.Build.0 = Release|Any CPU
		{1C6E8AEF-2EA7-464E-A8FB-21F82AADD5C0}.Release|x64.ActiveCfg = Release|Any CPU
		{1C6E8AEF-2EA7-464E-A8FB-21F82AADD5C0}.Release|x64.Build.0 = Release|Any CPU
		{E76691EF-EB86-46AD-BEB0-202828F9C4C1}.Debug|Any CPU.ActiveCfg = Debug|Any CPU
		{E76691EF-EB86-46AD-BEB0-202828F9C4C1}.Debug|Any CPU.Build.0 = Debug|Any CPU
		{E76691EF-EB86-46AD-BEB0-202828F9C4C1}.Debug|x64.ActiveCfg = Debug|Any CPU
		{E76691EF-EB86-46AD-BEB0-202828F9C4C1}.Debug|x64.Build.0 = Debug|Any CPU
		{E76691EF-EB86-46AD-BEB0-202828F9C4C1}.Release|Any CPU.ActiveCfg = Release|Any CPU
		{E76691EF-EB86-46AD-BEB0-202828F9C4C1}.Release|Any CPU.Build.0 = Release|Any CPU
		{E76691EF-EB86-46AD-BEB0-202828F9C4C1}.Release|x64.ActiveCfg = Release|Any CPU
		{E76691EF-EB86-46AD-BEB0-202828F9C4C1}.Release|x64.Build.0 = Release|Any CPU
		{CA5EC0AC-904A-4C3A-989B-410B83AB9E8E}.Debug|Any CPU.ActiveCfg = Debug|Any CPU
		{CA5EC0AC-904A-4C3A-989B-410B83AB9E8E}.Debug|Any CPU.Build.0 = Debug|Any CPU
		{CA5EC0AC-904A-4C3A-989B-410B83AB9E8E}.Debug|x64.ActiveCfg = Debug|Any CPU
		{CA5EC0AC-904A-4C3A-989B-410B83AB9E8E}.Debug|x64.Build.0 = Debug|Any CPU
		{CA5EC0AC-904A-4C3A-989B-410B83AB9E8E}.Release|Any CPU.ActiveCfg = Release|Any CPU
		{CA5EC0AC-904A-4C3A-989B-410B83AB9E8E}.Release|Any CPU.Build.0 = Release|Any CPU
		{CA5EC0AC-904A-4C3A-989B-410B83AB9E8E}.Release|x64.ActiveCfg = Release|Any CPU
		{CA5EC0AC-904A-4C3A-989B-410B83AB9E8E}.Release|x64.Build.0 = Release|Any CPU
		{5601021E-6FCE-46A0-B78E-7E5AD00E7017}.Debug|Any CPU.ActiveCfg = Debug|Any CPU
		{5601021E-6FCE-46A0-B78E-7E5AD00E7017}.Debug|Any CPU.Build.0 = Debug|Any CPU
		{5601021E-6FCE-46A0-B78E-7E5AD00E7017}.Debug|x64.ActiveCfg = Debug|Any CPU
		{5601021E-6FCE-46A0-B78E-7E5AD00E7017}.Debug|x64.Build.0 = Debug|Any CPU
		{5601021E-6FCE-46A0-B78E-7E5AD00E7017}.Release|Any CPU.ActiveCfg = Release|Any CPU
		{5601021E-6FCE-46A0-B78E-7E5AD00E7017}.Release|Any CPU.Build.0 = Release|Any CPU
		{5601021E-6FCE-46A0-B78E-7E5AD00E7017}.Release|x64.ActiveCfg = Release|Any CPU
		{5601021E-6FCE-46A0-B78E-7E5AD00E7017}.Release|x64.Build.0 = Release|Any CPU
		{4EB79B5C-80AF-4EA6-BF35-80802A58C282}.Debug|Any CPU.ActiveCfg = Debug|Any CPU
		{4EB79B5C-80AF-4EA6-BF35-80802A58C282}.Debug|Any CPU.Build.0 = Debug|Any CPU
		{4EB79B5C-80AF-4EA6-BF35-80802A58C282}.Debug|x64.ActiveCfg = Debug|Any CPU
		{4EB79B5C-80AF-4EA6-BF35-80802A58C282}.Debug|x64.Build.0 = Debug|Any CPU
		{4EB79B5C-80AF-4EA6-BF35-80802A58C282}.Release|Any CPU.ActiveCfg = Release|Any CPU
		{4EB79B5C-80AF-4EA6-BF35-80802A58C282}.Release|Any CPU.Build.0 = Release|Any CPU
		{4EB79B5C-80AF-4EA6-BF35-80802A58C282}.Release|x64.ActiveCfg = Release|Any CPU
		{4EB79B5C-80AF-4EA6-BF35-80802A58C282}.Release|x64.Build.0 = Release|Any CPU
		{99CA5ABD-5973-49DF-8B26-919275E89D4F}.Debug|Any CPU.ActiveCfg = Debug|Any CPU
		{99CA5ABD-5973-49DF-8B26-919275E89D4F}.Debug|Any CPU.Build.0 = Debug|Any CPU
		{99CA5ABD-5973-49DF-8B26-919275E89D4F}.Debug|x64.ActiveCfg = Debug|Any CPU
		{99CA5ABD-5973-49DF-8B26-919275E89D4F}.Debug|x64.Build.0 = Debug|Any CPU
		{99CA5ABD-5973-49DF-8B26-919275E89D4F}.Release|Any CPU.ActiveCfg = Release|Any CPU
		{99CA5ABD-5973-49DF-8B26-919275E89D4F}.Release|Any CPU.Build.0 = Release|Any CPU
		{99CA5ABD-5973-49DF-8B26-919275E89D4F}.Release|x64.ActiveCfg = Release|Any CPU
		{99CA5ABD-5973-49DF-8B26-919275E89D4F}.Release|x64.Build.0 = Release|Any CPU
		{ED1C9365-187A-4053-A5C0-349375A3FE61}.Debug|Any CPU.ActiveCfg = Debug|Any CPU
		{ED1C9365-187A-4053-A5C0-349375A3FE61}.Debug|Any CPU.Build.0 = Debug|Any CPU
		{ED1C9365-187A-4053-A5C0-349375A3FE61}.Debug|x64.ActiveCfg = Debug|Any CPU
		{ED1C9365-187A-4053-A5C0-349375A3FE61}.Debug|x64.Build.0 = Debug|Any CPU
		{ED1C9365-187A-4053-A5C0-349375A3FE61}.Release|Any CPU.ActiveCfg = Release|Any CPU
		{ED1C9365-187A-4053-A5C0-349375A3FE61}.Release|Any CPU.Build.0 = Release|Any CPU
		{ED1C9365-187A-4053-A5C0-349375A3FE61}.Release|x64.ActiveCfg = Release|Any CPU
		{ED1C9365-187A-4053-A5C0-349375A3FE61}.Release|x64.Build.0 = Release|Any CPU
		{A803B828-2115-4433-AFCB-9DBF73E20AE3}.Debug|Any CPU.ActiveCfg = Debug|Any CPU
		{A803B828-2115-4433-AFCB-9DBF73E20AE3}.Debug|Any CPU.Build.0 = Debug|Any CPU
		{A803B828-2115-4433-AFCB-9DBF73E20AE3}.Debug|x64.ActiveCfg = Debug|Any CPU
		{A803B828-2115-4433-AFCB-9DBF73E20AE3}.Debug|x64.Build.0 = Debug|Any CPU
		{A803B828-2115-4433-AFCB-9DBF73E20AE3}.Release|Any CPU.ActiveCfg = Release|Any CPU
		{A803B828-2115-4433-AFCB-9DBF73E20AE3}.Release|Any CPU.Build.0 = Release|Any CPU
		{A803B828-2115-4433-AFCB-9DBF73E20AE3}.Release|x64.ActiveCfg = Release|Any CPU
		{A803B828-2115-4433-AFCB-9DBF73E20AE3}.Release|x64.Build.0 = Release|Any CPU
		{BE48D7F4-C108-4110-99BB-2710D5805EB0}.Debug|Any CPU.ActiveCfg = Debug|Any CPU
		{BE48D7F4-C108-4110-99BB-2710D5805EB0}.Debug|Any CPU.Build.0 = Debug|Any CPU
		{BE48D7F4-C108-4110-99BB-2710D5805EB0}.Debug|x64.ActiveCfg = Debug|Any CPU
		{BE48D7F4-C108-4110-99BB-2710D5805EB0}.Debug|x64.Build.0 = Debug|Any CPU
		{BE48D7F4-C108-4110-99BB-2710D5805EB0}.Release|Any CPU.ActiveCfg = Release|Any CPU
		{BE48D7F4-C108-4110-99BB-2710D5805EB0}.Release|Any CPU.Build.0 = Release|Any CPU
		{BE48D7F4-C108-4110-99BB-2710D5805EB0}.Release|x64.ActiveCfg = Release|Any CPU
		{BE48D7F4-C108-4110-99BB-2710D5805EB0}.Release|x64.Build.0 = Release|Any CPU
		{FA72C2D9-9401-4D5E-8948-21697D79D006}.Debug|Any CPU.ActiveCfg = Debug|Any CPU
		{FA72C2D9-9401-4D5E-8948-21697D79D006}.Debug|Any CPU.Build.0 = Debug|Any CPU
		{FA72C2D9-9401-4D5E-8948-21697D79D006}.Debug|x64.ActiveCfg = Debug|Any CPU
		{FA72C2D9-9401-4D5E-8948-21697D79D006}.Debug|x64.Build.0 = Debug|Any CPU
		{FA72C2D9-9401-4D5E-8948-21697D79D006}.Release|Any CPU.ActiveCfg = Release|Any CPU
		{FA72C2D9-9401-4D5E-8948-21697D79D006}.Release|Any CPU.Build.0 = Release|Any CPU
		{FA72C2D9-9401-4D5E-8948-21697D79D006}.Release|x64.ActiveCfg = Release|Any CPU
		{FA72C2D9-9401-4D5E-8948-21697D79D006}.Release|x64.Build.0 = Release|Any CPU
		{2DA655B9-1432-4E30-838F-F2D295DAFF60}.Debug|Any CPU.ActiveCfg = Debug|Any CPU
		{2DA655B9-1432-4E30-838F-F2D295DAFF60}.Debug|Any CPU.Build.0 = Debug|Any CPU
		{2DA655B9-1432-4E30-838F-F2D295DAFF60}.Debug|x64.ActiveCfg = Debug|Any CPU
		{2DA655B9-1432-4E30-838F-F2D295DAFF60}.Debug|x64.Build.0 = Debug|Any CPU
		{2DA655B9-1432-4E30-838F-F2D295DAFF60}.Release|Any CPU.ActiveCfg = Release|Any CPU
		{2DA655B9-1432-4E30-838F-F2D295DAFF60}.Release|Any CPU.Build.0 = Release|Any CPU
		{2DA655B9-1432-4E30-838F-F2D295DAFF60}.Release|x64.ActiveCfg = Release|Any CPU
		{2DA655B9-1432-4E30-838F-F2D295DAFF60}.Release|x64.Build.0 = Release|Any CPU
		{9CA41727-D6B4-4237-BD64-F51D5C6F7D8D}.Debug|Any CPU.ActiveCfg = Debug|Any CPU
		{9CA41727-D6B4-4237-BD64-F51D5C6F7D8D}.Debug|Any CPU.Build.0 = Debug|Any CPU
		{9CA41727-D6B4-4237-BD64-F51D5C6F7D8D}.Debug|x64.ActiveCfg = Debug|Any CPU
		{9CA41727-D6B4-4237-BD64-F51D5C6F7D8D}.Debug|x64.Build.0 = Debug|Any CPU
		{9CA41727-D6B4-4237-BD64-F51D5C6F7D8D}.Release|Any CPU.ActiveCfg = Release|Any CPU
		{9CA41727-D6B4-4237-BD64-F51D5C6F7D8D}.Release|Any CPU.Build.0 = Release|Any CPU
		{9CA41727-D6B4-4237-BD64-F51D5C6F7D8D}.Release|x64.ActiveCfg = Release|Any CPU
		{9CA41727-D6B4-4237-BD64-F51D5C6F7D8D}.Release|x64.Build.0 = Release|Any CPU
		{5A622617-1450-403A-B217-89E0CC53961D}.Debug|Any CPU.ActiveCfg = Debug|Any CPU
		{5A622617-1450-403A-B217-89E0CC53961D}.Debug|Any CPU.Build.0 = Debug|Any CPU
		{5A622617-1450-403A-B217-89E0CC53961D}.Debug|x64.ActiveCfg = Debug|Any CPU
		{5A622617-1450-403A-B217-89E0CC53961D}.Debug|x64.Build.0 = Debug|Any CPU
		{5A622617-1450-403A-B217-89E0CC53961D}.Release|Any CPU.ActiveCfg = Release|Any CPU
		{5A622617-1450-403A-B217-89E0CC53961D}.Release|Any CPU.Build.0 = Release|Any CPU
		{5A622617-1450-403A-B217-89E0CC53961D}.Release|x64.ActiveCfg = Release|Any CPU
		{5A622617-1450-403A-B217-89E0CC53961D}.Release|x64.Build.0 = Release|Any CPU
	EndGlobalSection
	GlobalSection(SolutionProperties) = preSolution
		HideSolutionNode = FALSE
	EndGlobalSection
	GlobalSection(NestedProjects) = preSolution
		{01797518-63A2-455A-B717-9109F2C10ECC} = {EBECD646-1D7E-4E78-B5AC-81304E85B11D}
		{93D7809C-C358-435B-84A6-81A4EC051672} = {C497E864-9D2F-4C80-8FCF-ED2BD55E0398}
		{6D9B9BD7-5652-4FF1-8C06-1C003FAFCF24} = {9E64274A-1769-42F3-A32D-09C0F5E59235}
		{E74DE2EA-64B8-478A-806B-58AA5EB817CD} = {6D9B9BD7-5652-4FF1-8C06-1C003FAFCF24}
		{00E66DCD-FD08-4163-822C-098E88A60D3F} = {E74DE2EA-64B8-478A-806B-58AA5EB817CD}
		{1ECB1F1D-DF0D-48C3-BFDB-8B366260FD7B} = {00E66DCD-FD08-4163-822C-098E88A60D3F}
		{2633311A-5CF3-4C80-8176-C24F492D5E4A} = {00E66DCD-FD08-4163-822C-098E88A60D3F}
		{1C6E8AEF-2EA7-464E-A8FB-21F82AADD5C0} = {00E66DCD-FD08-4163-822C-098E88A60D3F}
		{E76691EF-EB86-46AD-BEB0-202828F9C4C1} = {00E66DCD-FD08-4163-822C-098E88A60D3F}
		{CA5EC0AC-904A-4C3A-989B-410B83AB9E8E} = {00E66DCD-FD08-4163-822C-098E88A60D3F}
		{5601021E-6FCE-46A0-B78E-7E5AD00E7017} = {00E66DCD-FD08-4163-822C-098E88A60D3F}
		{4EB79B5C-80AF-4EA6-BF35-80802A58C282} = {00E66DCD-FD08-4163-822C-098E88A60D3F}
		{99CA5ABD-5973-49DF-8B26-919275E89D4F} = {00E66DCD-FD08-4163-822C-098E88A60D3F}
		{2CD4EADB-E23A-4BE7-8340-2DCB7ECF5976} = {E74DE2EA-64B8-478A-806B-58AA5EB817CD}
		{ED1C9365-187A-4053-A5C0-349375A3FE61} = {2CD4EADB-E23A-4BE7-8340-2DCB7ECF5976}
		{0FAF68AC-7607-4067-8F09-A419EF6C58A7} = {E74DE2EA-64B8-478A-806B-58AA5EB817CD}
		{A803B828-2115-4433-AFCB-9DBF73E20AE3} = {0FAF68AC-7607-4067-8F09-A419EF6C58A7}
		{BE48D7F4-C108-4110-99BB-2710D5805EB0} = {0FAF68AC-7607-4067-8F09-A419EF6C58A7}
		{CE83CE57-9C45-4A71-A027-DC0A954E4825} = {6D9B9BD7-5652-4FF1-8C06-1C003FAFCF24}
		{FA72C2D9-9401-4D5E-8948-21697D79D006} = {CE83CE57-9C45-4A71-A027-DC0A954E4825}
		{2DA655B9-1432-4E30-838F-F2D295DAFF60} = {CE83CE57-9C45-4A71-A027-DC0A954E4825}
		{C4AFC285-BF3F-4BDA-9EE0-212E717875F8} = {6D9B9BD7-5652-4FF1-8C06-1C003FAFCF24}
		{9CA41727-D6B4-4237-BD64-F51D5C6F7D8D} = {C4AFC285-BF3F-4BDA-9EE0-212E717875F8}
		{5A622617-1450-403A-B217-89E0CC53961D} = {C4AFC285-BF3F-4BDA-9EE0-212E717875F8}
	EndGlobalSection
	GlobalSection(SharedMSBuildProjectFiles) = preSolution
		..\..\Shared\Supporter_Dtos\Supporter_Dtos.projitems*{1ec1c3f5-5289-4c8e-b3fe-16be84727494}*SharedItemsImports = 5
		..\..\Shared\Supporter_Dtos\Supporter_Dtos.projitems*{93d7809c-c358-435b-84a6-81a4ec051672}*SharedItemsImports = 13
		..\..\Shared\Supporter_Dtos\Supporter_Dtos.projitems*{9736295c-153c-4ebf-b4f1-8020c6f8db52}*SharedItemsImports = 5
	EndGlobalSection
EndGlobal
